
Microsoft Visual Studio Solution File, Format Version 12.00
# Visual Studio 14
VisualStudioVersion = 14.0.25420.1
MinimumVisualStudioVersion = 10.0.40219.1
Project("{FAE04EC0-301F-11D3-BF4B-00C04F79EFBC}") = "ConsoleApplication1", "ConsoleApplication1\ConsoleApplication1.csproj", "{5C0CC427-487B-4B6A-B520-5AC17AE689B1}"
EndProject
Project("{FAE04EC0-301F-11D3-BF4B-00C04F79EFBC}") = "ConsoleApplication2", "ConsoleApplication2\ConsoleApplication2.csproj", "{B0DFC44A-D02A-444D-979A-B1F990925E59}"
EndProject
Project("{FAE04EC0-301F-11D3-BF4B-00C04F79EFBC}") = "ConsoleApplication3", "ConsoleApplication3\ConsoleApplication3.csproj", "{ED85C5AF-6AB7-469B-BB73-09F671E8FB23}"
EndProject
Project("{FAE04EC0-301F-11D3-BF4B-00C04F79EFBC}") = "WindowsFormsApplication1", "WindowsFormsApplication1\WindowsFormsApplication1.csproj", "{9FD0FD15-B310-444A-A857-9FFD260EE511}"
EndProject
Project("{FAE04EC0-301F-11D3-BF4B-00C04F79EFBC}") = "ConsoleApplication4", "ConsoleApplication4\ConsoleApplication4.csproj", "{32480F58-2162-41AB-BDA5-B542BEBEAF9F}"
EndProject
Project("{FAE04EC0-301F-11D3-BF4B-00C04F79EFBC}") = "ConsoleApplication5", "ConsoleApplication5\ConsoleApplication5.csproj", "{23B9BDB5-A753-446F-97E8-2D8478B94195}"
EndProject
Project("{FAE04EC0-301F-11D3-BF4B-00C04F79EFBC}") = "WindowsFormsApplication2", "WindowsFormsApplication2\WindowsFormsApplication2.csproj", "{3442EC02-BBAF-421D-8737-4549E9E9A9BF}"
EndProject
Project("{FAE04EC0-301F-11D3-BF4B-00C04F79EFBC}") = "WindowsFormsApplication3", "WindowsFormsApplication3\WindowsFormsApplication3.csproj", "{D52BD24B-44E0-4ECC-9A6F-51A1C8713A3A}"
EndProject
Project("{FAE04EC0-301F-11D3-BF4B-00C04F79EFBC}") = "WebApplication1", "WebApplication1\WebApplication1.csproj", "{D1F3B0A5-9875-4DF4-A03B-6DBE69E5FFD8}"
EndProject
Global
	GlobalSection(SolutionConfigurationPlatforms) = preSolution
		Debug|Any CPU = Debug|Any CPU
		Release|Any CPU = Release|Any CPU
	EndGlobalSection
	GlobalSection(ProjectConfigurationPlatforms) = postSolution
		{5C0CC427-487B-4B6A-B520-5AC17AE689B1}.Debug|Any CPU.ActiveCfg = Debug|Any CPU
		{5C0CC427-487B-4B6A-B520-5AC17AE689B1}.Debug|Any CPU.Build.0 = Debug|Any CPU
		{5C0CC427-487B-4B6A-B520-5AC17AE689B1}.Release|Any CPU.ActiveCfg = Release|Any CPU
		{5C0CC427-487B-4B6A-B520-5AC17AE689B1}.Release|Any CPU.Build.0 = Release|Any CPU
		{B0DFC44A-D02A-444D-979A-B1F990925E59}.Debug|Any CPU.ActiveCfg = Debug|Any CPU
		{B0DFC44A-D02A-444D-979A-B1F990925E59}.Debug|Any CPU.Build.0 = Debug|Any CPU
		{B0DFC44A-D02A-444D-979A-B1F990925E59}.Release|Any CPU.ActiveCfg = Release|Any CPU
		{B0DFC44A-D02A-444D-979A-B1F990925E59}.Release|Any CPU.Build.0 = Release|Any CPU
		{ED85C5AF-6AB7-469B-BB73-09F671E8FB23}.Debug|Any CPU.ActiveCfg = Debug|Any CPU
		{ED85C5AF-6AB7-469B-BB73-09F671E8FB23}.Debug|Any CPU.Build.0 = Debug|Any CPU
		{ED85C5AF-6AB7-469B-BB73-09F671E8FB23}.Release|Any CPU.ActiveCfg = Release|Any CPU
		{ED85C5AF-6AB7-469B-BB73-09F671E8FB23}.Release|Any CPU.Build.0 = Release|Any CPU
		{9FD0FD15-B310-444A-A857-9FFD260EE511}.Debug|Any CPU.ActiveCfg = Debug|Any CPU
		{9FD0FD15-B310-444A-A857-9FFD260EE511}.Debug|Any CPU.Build.0 = Debug|Any CPU
		{9FD0FD15-B310-444A-A857-9FFD260EE511}.Release|Any CPU.ActiveCfg = Release|Any CPU
		{9FD0FD15-B310-444A-A857-9FFD260EE511}.Release|Any CPU.Build.0 = Release|Any CPU
		{32480F58-2162-41AB-BDA5-B542BEBEAF9F}.Debug|Any CPU.ActiveCfg = Debug|Any CPU
		{32480F58-2162-41AB-BDA5-B542BEBEAF9F}.Debug|Any CPU.Build.0 = Debug|Any CPU
		{32480F58-2162-41AB-BDA5-B542BEBEAF9F}.Release|Any CPU.ActiveCfg = Release|Any CPU
		{32480F58-2162-41AB-BDA5-B542BEBEAF9F}.Release|Any CPU.Build.0 = Release|Any CPU
		{23B9BDB5-A753-446F-97E8-2D8478B94195}.Debug|Any CPU.ActiveCfg = Debug|Any CPU
		{23B9BDB5-A753-446F-97E8-2D8478B94195}.Debug|Any CPU.Build.0 = Debug|Any CPU
		{23B9BDB5-A753-446F-97E8-2D8478B94195}.Release|Any CPU.ActiveCfg = Release|Any CPU
		{23B9BDB5-A753-446F-97E8-2D8478B94195}.Release|Any CPU.Build.0 = Release|Any CPU
		{3442EC02-BBAF-421D-8737-4549E9E9A9BF}.Debug|Any CPU.ActiveCfg = Debug|Any CPU
		{3442EC02-BBAF-421D-8737-4549E9E9A9BF}.Debug|Any CPU.Build.0 = Debug|Any CPU
		{3442EC02-BBAF-421D-8737-4549E9E9A9BF}.Release|Any CPU.ActiveCfg = Release|Any CPU
		{3442EC02-BBAF-421D-8737-4549E9E9A9BF}.Release|Any CPU.Build.0 = Release|Any CPU
		{D52BD24B-44E0-4ECC-9A6F-51A1C8713A3A}.Debug|Any CPU.ActiveCfg = Debug|Any CPU
		{D52BD24B-44E0-4ECC-9A6F-51A1C8713A3A}.Debug|Any CPU.Build.0 = Debug|Any CPU
		{D52BD24B-44E0-4ECC-9A6F-51A1C8713A3A}.Release|Any CPU.ActiveCfg = Release|Any CPU
		{D52BD24B-44E0-4ECC-9A6F-51A1C8713A3A}.Release|Any CPU.Build.0 = Release|Any CPU
		{D1F3B0A5-9875-4DF4-A03B-6DBE69E5FFD8}.Debug|Any CPU.ActiveCfg = Debug|Any CPU
		{D1F3B0A5-9875-4DF4-A03B-6DBE69E5FFD8}.Debug|Any CPU.Build.0 = Debug|Any CPU
		{D1F3B0A5-9875-4DF4-A03B-6DBE69E5FFD8}.Release|Any CPU.ActiveCfg = Release|Any CPU
		{D1F3B0A5-9875-4DF4-A03B-6DBE69E5FFD8}.Release|Any CPU.Build.0 = Release|Any CPU
	EndGlobalSection
	GlobalSection(SolutionProperties) = preSolution
		HideSolutionNode = FALSE
	EndGlobalSection
EndGlobal
